
Microsoft Visual Studio Solution File, Format Version 12.00
# Visual Studio Version 17
VisualStudioVersion = 17.12.35323.107
MinimumVisualStudioVersion = 10.0.40219.1
Project("{FAE04EC0-301F-11D3-BF4B-00C04F79EFBC}") = "01_MainSubjects", "01_MainSubjects\01_MainSubjects.csproj", "{62DE4B64-D045-4473-B8FA-004CBB9A0E94}"
EndProject
Global
	GlobalSection(SolutionConfigurationPlatforms) = preSolution
		Debug|Any CPU = Debug|Any CPU
		Release|Any CPU = Release|Any CPU
	EndGlobalSection
	GlobalSection(ProjectConfigurationPlatforms) = postSolution
		{62DE4B64-D045-4473-B8FA-004CBB9A0E94}.Debug|Any CPU.ActiveCfg = Debug|Any CPU
		{62DE4B64-D045-4473-B8FA-004CBB9A0E94}.Debug|Any CPU.Build.0 = Debug|Any CPU
		{62DE4B64-D045-4473-B8FA-004CBB9A0E94}.Release|Any CPU.ActiveCfg = Release|Any CPU
		{62DE4B64-D045-4473-B8FA-004CBB9A0E94}.Release|Any CPU.Build.0 = Release|Any CPU
	EndGlobalSection
	GlobalSection(SolutionProperties) = preSolution
		HideSolutionNode = FALSE
	EndGlobalSection
	GlobalSection(ExtensibilityGlobals) = postSolution
		SolutionGuid = {96A8A08A-1E03-432D-AA83-1A125749C506}
	EndGlobalSection
EndGlobal
